
Microsoft Visual Studio Solution File, Format Version 12.00
# Visual Studio 15
VisualStudioVersion = 15.0.28307.329
MinimumVisualStudioVersion = 10.0.40219.1
Project("{FAE04EC0-301F-11D3-BF4B-00C04F79EFBC}") = "SquirrelRun", "SquirrelRun\SquirrelRun.csproj", "{742EBE07-F467-4540-9331-A24AD9A928CF}"
EndProject
Global
	GlobalSection(SolutionConfigurationPlatforms) = preSolution
		Debug|x86 = Debug|x86
		Release|x86 = Release|x86
	EndGlobalSection
	GlobalSection(ProjectConfigurationPlatforms) = postSolution
		{742EBE07-F467-4540-9331-A24AD9A928CF}.Debug|x86.ActiveCfg = Debug|x86
		{742EBE07-F467-4540-9331-A24AD9A928CF}.Debug|x86.Build.0 = Debug|x86
		{742EBE07-F467-4540-9331-A24AD9A928CF}.Release|x86.ActiveCfg = Release|x86
		{742EBE07-F467-4540-9331-A24AD9A928CF}.Release|x86.Build.0 = Release|x86
	EndGlobalSection
	GlobalSection(SolutionProperties) = preSolution
		HideSolutionNode = FALSE
	EndGlobalSection
	GlobalSection(ExtensibilityGlobals) = postSolution
		SolutionGuid = {EE75C576-DBBF-424A-9DF4-9B57F654C28C}
	EndGlobalSection
EndGlobal
